
Microsoft Visual Studio Solution File, Format Version 12.00
# Visual Studio Version 16
VisualStudioVersion = 16.0.30804.86
MinimumVisualStudioVersion = 10.0.40219.1
Project("{9A19103F-16F7-4668-BE54-9A1E7A4F7556}") = "KampIntro", "KampIntro\KampIntro.csproj", "{43DF0CE5-FCD0-469B-A454-0E83484A1AE0}"
EndProject
Project("{9A19103F-16F7-4668-BE54-9A1E7A4F7556}") = "Donguler", "Donguler\Donguler.csproj", "{B03DD041-33E0-41F3-9676-0319AEA28EF7}"
EndProject
Project("{9A19103F-16F7-4668-BE54-9A1E7A4F7556}") = "ClassIntro", "ClassIntro\ClassIntro.csproj", "{BCB9E112-904A-44A2-BDFF-4A296CCDDD04}"
EndProject
Project("{9A19103F-16F7-4668-BE54-9A1E7A4F7556}") = "DegerVeReferansTipler", "DegerVeReferansTipler\DegerVeReferansTipler.csproj", "{C09C38A8-E5C4-44E2-ACB3-B607EBA8BB61}"
EndProject
Project("{9A19103F-16F7-4668-BE54-9A1E7A4F7556}") = "Metotlar", "Metotlar\Metotlar.csproj", "{9B8E2FDF-C588-44EA-B659-2CB11DD530BA}"
EndProject
Project("{9A19103F-16F7-4668-BE54-9A1E7A4F7556}") = "Matematik", "Matematik\Matematik.csproj", "{0D5E3BA6-192C-485E-B7A3-B0448520117D}"
EndProject
Project("{9A19103F-16F7-4668-BE54-9A1E7A4F7556}") = "OOP1", "OOP1\OOP1.csproj", "{79B2F492-4A76-4C09-A56B-6FCC2FEDA764}"
EndProject
Project("{9A19103F-16F7-4668-BE54-9A1E7A4F7556}") = "Koleksiyonlar", "Koleksiyonlar\Koleksiyonlar.csproj", "{5F94B303-B9AE-41B9-BE3A-67FB70A77752}"
EndProject
Project("{9A19103F-16F7-4668-BE54-9A1E7A4F7556}") = "GenericsIntro", "GenericsIntro\GenericsIntro.csproj", "{95324499-94A1-4A89-BE9A-C1659B937387}"
EndProject
Project("{9A19103F-16F7-4668-BE54-9A1E7A4F7556}") = "OOP2", "OOP2\OOP2.csproj", "{EC44BD36-9346-4027-A99B-E4FE8B9A6DA8}"
EndProject
Project("{9A19103F-16F7-4668-BE54-9A1E7A4F7556}") = "OOP3", "OOP3\OOP3.csproj", "{8425A6F8-907A-4DAC-95EF-39CADE03EC81}"
EndProject
Project("{2150E333-8FDC-42A3-9474-1A3956D46DE8}") = "NewFolder1", "NewFolder1", "{3805485A-8C70-4EC9-9F45-00BA61A22F36}"
EndProject
Project("{FAE04EC0-301F-11D3-BF4B-00C04F79EFBC}") = "Dictionarycalisma", "Dictionarycalisma\Dictionarycalisma.csproj", "{BFC321F0-64B7-4774-B861-8883C8BDDB70}"
EndProject
Global
	GlobalSection(SolutionConfigurationPlatforms) = preSolution
		Debug|Any CPU = Debug|Any CPU
		Release|Any CPU = Release|Any CPU
	EndGlobalSection
	GlobalSection(ProjectConfigurationPlatforms) = postSolution
		{43DF0CE5-FCD0-469B-A454-0E83484A1AE0}.Debug|Any CPU.ActiveCfg = Debug|Any CPU
		{43DF0CE5-FCD0-469B-A454-0E83484A1AE0}.Debug|Any CPU.Build.0 = Debug|Any CPU
		{43DF0CE5-FCD0-469B-A454-0E83484A1AE0}.Release|Any CPU.ActiveCfg = Release|Any CPU
		{43DF0CE5-FCD0-469B-A454-0E83484A1AE0}.Release|Any CPU.Build.0 = Release|Any CPU
		{B03DD041-33E0-41F3-9676-0319AEA28EF7}.Debug|Any CPU.ActiveCfg = Debug|Any CPU
		{B03DD041-33E0-41F3-9676-0319AEA28EF7}.Debug|Any CPU.Build.0 = Debug|Any CPU
		{B03DD041-33E0-41F3-9676-0319AEA28EF7}.Release|Any CPU.ActiveCfg = Release|Any CPU
		{B03DD041-33E0-41F3-9676-0319AEA28EF7}.Release|Any CPU.Build.0 = Release|Any CPU
		{BCB9E112-904A-44A2-BDFF-4A296CCDDD04}.Debug|Any CPU.ActiveCfg = Debug|Any CPU
		{BCB9E112-904A-44A2-BDFF-4A296CCDDD04}.Debug|Any CPU.Build.0 = Debug|Any CPU
		{BCB9E112-904A-44A2-BDFF-4A296CCDDD04}.Release|Any CPU.ActiveCfg = Release|Any CPU
		{BCB9E112-904A-44A2-BDFF-4A296CCDDD04}.Release|Any CPU.Build.0 = Release|Any CPU
		{C09C38A8-E5C4-44E2-ACB3-B607EBA8BB61}.Debug|Any CPU.ActiveCfg = Debug|Any CPU
		{C09C38A8-E5C4-44E2-ACB3-B607EBA8BB61}.Debug|Any CPU.Build.0 = Debug|Any CPU
		{C09C38A8-E5C4-44E2-ACB3-B607EBA8BB61}.Release|Any CPU.ActiveCfg = Release|Any CPU
		{C09C38A8-E5C4-44E2-ACB3-B607EBA8BB61}.Release|Any CPU.Build.0 = Release|Any CPU
		{9B8E2FDF-C588-44EA-B659-2CB11DD530BA}.Debug|Any CPU.ActiveCfg = Debug|Any CPU
		{9B8E2FDF-C588-44EA-B659-2CB11DD530BA}.Debug|Any CPU.Build.0 = Debug|Any CPU
		{9B8E2FDF-C588-44EA-B659-2CB11DD530BA}.Release|Any CPU.ActiveCfg = Release|Any CPU
		{9B8E2FDF-C588-44EA-B659-2CB11DD530BA}.Release|Any CPU.Build.0 = Release|Any CPU
		{0D5E3BA6-192C-485E-B7A3-B0448520117D}.Debug|Any CPU.ActiveCfg = Debug|Any CPU
		{0D5E3BA6-192C-485E-B7A3-B0448520117D}.Debug|Any CPU.Build.0 = Debug|Any CPU
		{0D5E3BA6-192C-485E-B7A3-B0448520117D}.Release|Any CPU.ActiveCfg = Release|Any CPU
		{0D5E3BA6-192C-485E-B7A3-B0448520117D}.Release|Any CPU.Build.0 = Release|Any CPU
		{79B2F492-4A76-4C09-A56B-6FCC2FEDA764}.Debug|Any CPU.ActiveCfg = Debug|Any CPU
		{79B2F492-4A76-4C09-A56B-6FCC2FEDA764}.Debug|Any CPU.Build.0 = Debug|Any CPU
		{79B2F492-4A76-4C09-A56B-6FCC2FEDA764}.Release|Any CPU.ActiveCfg = Release|Any CPU
		{79B2F492-4A76-4C09-A56B-6FCC2FEDA764}.Release|Any CPU.Build.0 = Release|Any CPU
		{5F94B303-B9AE-41B9-BE3A-67FB70A77752}.Debug|Any CPU.ActiveCfg = Debug|Any CPU
		{5F94B303-B9AE-41B9-BE3A-67FB70A77752}.Debug|Any CPU.Build.0 = Debug|Any CPU
		{5F94B303-B9AE-41B9-BE3A-67FB70A77752}.Release|Any CPU.ActiveCfg = Release|Any CPU
		{5F94B303-B9AE-41B9-BE3A-67FB70A77752}.Release|Any CPU.Build.0 = Release|Any CPU
		{95324499-94A1-4A89-BE9A-C1659B937387}.Debug|Any CPU.ActiveCfg = Debug|Any CPU
		{95324499-94A1-4A89-BE9A-C1659B937387}.Debug|Any CPU.Build.0 = Debug|Any CPU
		{95324499-94A1-4A89-BE9A-C1659B937387}.Release|Any CPU.ActiveCfg = Release|Any CPU
		{95324499-94A1-4A89-BE9A-C1659B937387}.Release|Any CPU.Build.0 = Release|Any CPU
		{EC44BD36-9346-4027-A99B-E4FE8B9A6DA8}.Debug|Any CPU.ActiveCfg = Debug|Any CPU
		{EC44BD36-9346-4027-A99B-E4FE8B9A6DA8}.Debug|Any CPU.Build.0 = Debug|Any CPU
		{EC44BD36-9346-4027-A99B-E4FE8B9A6DA8}.Release|Any CPU.ActiveCfg = Release|Any CPU
		{EC44BD36-9346-4027-A99B-E4FE8B9A6DA8}.Release|Any CPU.Build.0 = Release|Any CPU
		{8425A6F8-907A-4DAC-95EF-39CADE03EC81}.Debug|Any CPU.ActiveCfg = Debug|Any CPU
		{8425A6F8-907A-4DAC-95EF-39CADE03EC81}.Debug|Any CPU.Build.0 = Debug|Any CPU
		{8425A6F8-907A-4DAC-95EF-39CADE03EC81}.Release|Any CPU.ActiveCfg = Release|Any CPU
		{8425A6F8-907A-4DAC-95EF-39CADE03EC81}.Release|Any CPU.Build.0 = Release|Any CPU
		{BFC321F0-64B7-4774-B861-8883C8BDDB70}.Debug|Any CPU.ActiveCfg = Debug|Any CPU
		{BFC321F0-64B7-4774-B861-8883C8BDDB70}.Debug|Any CPU.Build.0 = Debug|Any CPU
		{BFC321F0-64B7-4774-B861-8883C8BDDB70}.Release|Any CPU.ActiveCfg = Release|Any CPU
		{BFC321F0-64B7-4774-B861-8883C8BDDB70}.Release|Any CPU.Build.0 = Release|Any CPU
	EndGlobalSection
	GlobalSection(SolutionProperties) = preSolution
		HideSolutionNode = FALSE
	EndGlobalSection
	GlobalSection(ExtensibilityGlobals) = postSolution
		SolutionGuid = {556D9DB4-1CFF-4170-818E-E03A11E9772A}
	EndGlobalSection
EndGlobal
